AGK_TUI_REPOSITORY=agentik-os/AGK-TUI
AGK_TUI_COMMIT=6b446f6afddee7640cfa626d6a2c62dbb871666d
RMUX_VERSION=0.10.0
STATION_COMPONENT=agk-tui
HERMES_REPOSITORY=NousResearch/hermes-agent
HERMES_RELEASE=v2026.8.31
HERMES_COMMIT=29112bef099274229cadff79cdff7bf7b99c4b77
HERMES_TRACK=main
HERMES_INSTALL_URL=https://hermes-agent.nousresearch.com/install.sh
HERMES_INSTALL_SHA256=5854b15670b51a8daae8f59ddfa917062de9f74be261eb73b4b8d719710f8968
HERMES_AUTO_UPDATE=recommended
PYTHON_VERSION=3.14.7
AI_PYTHON_VERSION=3.13.15
SCRAPEGRAPHAI_VERSION=2.2.2
STRIX_VERSION=1.6.1
STRIX_COMMIT=f1e24fe3f2a5d0d332e2c47f8511a436c9033fbf
STRIX_WHEEL_AMD64_URL=https://files.pythonhosted.org/packages/4e/e6/0b7ca3b9e797d218af3df3d9efcc35c1b13099151c0ea1e9890f6eaae87f/strix_agent-1.6.1-py3-none-manylinux_2_17_x86_64.whl
STRIX_WHEEL_AMD64_SHA256=d4d1171dc271e4215226120097a8ab7f92d70c98093c0e085c6609e1b0c4036e
STRIX_WHEEL_ARM64_URL=https://files.pythonhosted.org/packages/27/5a/3fb8f11b12ee65c58b9977559ccf8e9912f23809eeae0bc6238a482adfc8/strix_agent-1.6.1-py3-none-manylinux_2_17_aarch64.whl
STRIX_WHEEL_ARM64_SHA256=211d20479d212174e75478c9fda04f90ef720f92ce69f6d136dbe4f5746a6717
STRIX_IMAGE_AMD64=ghcr.io/usestrix/strix-sandbox@sha256:e5e5d9927f15ca95ad49804ef7d22439771cd27378f400da6edd47556799baff
STRIX_IMAGE_ARM64=ghcr.io/usestrix/strix-sandbox@sha256:38f9eea087079763312877eaf59047c3bd61ece67ab3479c1da63dc48fe50587
PLAYWRIGHT_VERSION=1.62.0
HERMES_PYTHON_VERSION=3.11
UV_VERSION=0.12.9
NODE_VERSION=24.20.0
NPM_VERSION=12.0.2
GITHUB_CLI_VERSION=2.100.0
VERCEL_CLI_VERSION=59.11.2
VERCEL_CLI_INTEGRITY=sha512-1MY49OhofgVO98dICAHz1jSiU2dxVXwstTpIYmR4czsg/NjUeCs78l/kdLhw/ITi3ET7Rxq1/5eqYsRmmPAhzQ==
CODEX_CLI_VERSION=0.153.2
CODEX_CLI_INTEGRITY=sha512-IRocJlE+jCZGYHwIJWBja2nDswTSZY4sNddQgU5xiR/mVWxo5WcO8pqcajXJea1XDoNK9CaVzizVhUxDhFkU6g==
COMPOSIO_CLI_VERSION=0.4.0
COMPOSIO_INSTALL_SHA256=7a63922b75d206d16c790cdf683edac23f536903a28e13e94bfe3e55690b7a63
DISCORD_JS_VERSION=14.27.0
DISCORD_JS_INTEGRITY=sha512-qHbFlFG2N7y3LjPySYsL6A1+BnX6bkTVgo842EX0CqVPk/KTMwZkojPHEXKsQUpWZNyz5BISNHK1cPpQw0+m4A==
SHADCN_CLI_VERSION=4.21.0
SHADCN_CLI_INTEGRITY=sha512-UU2mFNusW8C5rvadKdH69vERYZqUlOOlXBcf0MYhYLdTGP6DPti7X4qovCu+RTfCqsAgq/T+YfE0Vnttxh9aiw==
NEXTJS_VERSION=16.3.4
REACT_VERSION=19.2.8
CONVEX_VERSION=1.45.0
CLERK_NEXTJS_VERSION=7.9.1
STRIPE_NODE_VERSION=22.6.1
STRIPE_JS_VERSION=9.15.0
LUCIDE_REACT_VERSION=1.41.0
TAILWINDCSS_VERSION=4.3.3
TYPESCRIPT_VERSION=7.0.2
ESLINT_VERSION=10.10.0
ESLINT_CONFIG_NEXT_VERSION=16.3.4
TYPES_NODE_VERSION=24.13.3
TYPES_REACT_VERSION=19.2.18
TYPES_REACT_DOM_VERSION=19.2.7
PONYTAIL_REPOSITORY=DietrichGebert/ponytail
PONYTAIL_RELEASE=v4.9.0
PONYTAIL_COMMIT=0a4dd63ad4541f4f655c4108a295916f3c1d8fda
LANGFUSE_REPOSITORY=langfuse/langfuse
LANGFUSE_RELEASE=v4.28.1
HONCHO_REPOSITORY=plastic-labs/honcho
HONCHO_COMMIT=699c99368d575cf83d7f881da86f3d7c52a4168a
HONCHO_PYTHON_VERSION=2.4.0
HINDSIGHT_REPOSITORY=vectorize-io/hindsight
HINDSIGHT_RELEASE=v0.9.2
HINDSIGHT_PYTHON_VERSION=0.9.2
TIGERVNC_REPOSITORY=TigerVNC/tigervnc
TIGERVNC_RELEASE=v1.16.2
CRAWL4AI_REPOSITORY=unclecode/crawl4ai
CRAWL4AI_RELEASE=v0.9.3
CRAWL4AI_PYTHON_VERSION=0.9.3
PARAKEET_REPOSITORY=achetronic/parakeet
PARAKEET_RELEASE=v0.8.0
PARAKEET_COMMIT=436daa8a75fa8c6d115a3188e18ef046444edccf
PARAKEET_IMAGE=ghcr.io/achetronic/parakeet@sha256:00f8a02ec0ca6a7d6d5ee9f959060d8498b14f741a25e914941d22547a3f37f4
PARAKEET_PORT=5092
OPENAI_STT_MODEL=gpt-transcribe
OPENAI_TTS_MODEL=gpt-4o-mini-tts
OPENAI_TTS_VOICE=alloy
TAILSCALE_MIN_VERSION=1.102.3
TAILSCALE_APT_KEY_SHA256=3e03dacf222698c60b8e2f990b809ca1b3e104de127767864284e6c228f1fb39
TAILSCALE_TRACK=stable
